// !$*UTF8*$!
{
	archiveVersion = 1;
	classes = {
	};
	objectVersion = 56;
	objects = {

/* Begin PBXBuildFile section */
		2575F7552C7A568D00263F70 /* TestViewContoller.xib in Resources */ = {isa = PBXBuildFile; fileRef = 2575F7542C7A568D00263F70 /* TestViewContoller.xib */; };
		2575F7582C7A6CF800263F70 /* MyClass.m in Sources */ = {isa = PBXBuildFile; fileRef = 2575F7572C7A6CF800263F70 /* MyClass.m */; };
		25C179772C78E6F900202C6D /* AppDelegate.m in Sources */ = {isa = PBXBuildFile; fileRef = 25C179762C78E6F900202C6D /* AppDelegate.m */; };
		25C1797A2C78E6F900202C6D /* SceneDelegate.m in Sources */ = {isa = PBXBuildFile; fileRef = 25C179792C78E6F900202C6D /* SceneDelegate.m */; };
		25C1797D2C78E6F900202C6D /* TestViewContoller.m in Sources */ = {isa = PBXBuildFile; fileRef = 25C1797C2C78E6F900202C6D /* TestViewContoller.m */; };
		25C179832C78E6F900202C6D /* Sample_Project_Obj_C.xcdatamodeld in Sources */ = {isa = PBXBuildFile; fileRef = 25C179812C78E6F900202C6D /* Sample_Project_Obj_C.xcdatamodeld */; };
		25C179852C78E6FC00202C6D /* Assets.xcassets in Resources */ = {isa = PBXBuildFile; fileRef = 25C179842C78E6FC00202C6D /* Assets.xcassets */; };
		25C179882C78E6FC00202C6D /* LaunchScreen.storyboard in Resources */ = {isa = PBXBuildFile; fileRef = 25C179862C78E6FC00202C6D /* LaunchScreen.storyboard */; };
		25C1798B2C78E6FC00202C6D /* main.m in Sources */ = {isa = PBXBuildFile; fileRef = 25C1798A2C78E6FC00202C6D /* main.m */; };
		25C179952C78E6FC00202C6D /* Sample_Project_Obj_CTests.m in Sources */ = {isa = PBXBuildFile; fileRef = 25C179942C78E6FC00202C6D /* Sample_Project_Obj_CTests.m */; };
		25C1799F2C78E6FC00202C6D /* Sample_Project_Obj_CUITests.m in Sources */ = {isa = PBXBuildFile; fileRef = 25C1799E2C78E6FC00202C6D /* Sample_Project_Obj_CUITests.m */; };
		25C179A12C78E6FC00202C6D /* Sample_Project_Obj_CUITestsLaunchTests.m in Sources */ = {isa = PBXBuildFile; fileRef = 25C179A02C78E6FC00202C6D /* Sample_Project_Obj_CUITestsLaunchTests.m */; };
		25C31E562C7B950800C7980E /* Person.m in Sources */ = {isa = PBXBuildFile; fileRef = 25C31E552C7B950800C7980E /* Person.m */; };
		25C31E5B2C7D1DF300C7980E /* Animal.m in Sources */ = {isa = PBXBuildFile; fileRef = 25C31E5A2C7D1DF300C7980E /* Animal.m */; };
/* End PBXBuildFile section */

/* Begin PBXContainerItemProxy section */
		25C179912C78E6FC00202C6D /* PBXContainerItemProxy */ = {
			isa = PBXContainerItemProxy;
			containerPortal = 25C1796A2C78E6F900202C6D /* Project object */;
			proxyType = 1;
			remoteGlobalIDString = 25C179712C78E6F900202C6D;
			remoteInfo = "Sample Project Obj-C";
		};
		25C1799B2C78E6FC00202C6D /* PBXContainerItemProxy */ = {
			isa = PBXContainerItemProxy;
			containerPortal = 25C1796A2C78E6F900202C6D /* Project object */;
			proxyType = 1;
			remoteGlobalIDString = 25C179712C78E6F900202C6D;
			remoteInfo = "Sample Project Obj-C";
		};
/* End PBXContainerItemProxy section */

/* Begin PBXFileReference section */
		2575F7542C7A568D00263F70 /* TestViewContoller.xib */ = {isa = PBXFileReference; lastKnownFileType = file.xib; path = TestViewContoller.xib; sourceTree = "<group>"; };
		2575F7562C7A6CF800263F70 /* MyClass.h */ = {isa = PBXFileReference; lastKnownFileType = sourcecode.c.h; path = MyClass.h; sourceTree = "<group>"; };
		2575F7572C7A6CF800263F70 /* MyClass.m */ = {isa = PBXFileReference; lastKnownFileType = sourcecode.c.objc; path = MyClass.m; sourceTree = "<group>"; };
		25C179722C78E6F900202C6D /* Sample Project Obj-C.app */ = {isa = PBXFileReference; explicitFileType = wrapper.application; includeInIndex = 0; path = "Sample Project Obj-C.app"; sourceTree = BUILT_PRODUCTS_DIR; };
		25C179752C78E6F900202C6D /* AppDelegate.h */ = {isa = PBXFileReference; lastKnownFileType = sourcecode.c.h; path = AppDelegate.h; sourceTree = "<group>"; };
		25C179762C78E6F900202C6D /* AppDelegate.m */ = {isa = PBXFileReference; lastKnownFileType = sourcecode.c.objc; path = AppDelegate.m; sourceTree = "<group>"; };
		25C179782C78E6F900202C6D /* SceneDelegate.h */ = {isa = PBXFileReference; lastKnownFileType = sourcecode.c.h; path = SceneDelegate.h; sourceTree = "<group>"; };
		25C179792C78E6F900202C6D /* SceneDelegate.m */ = {isa = PBXFileReference; lastKnownFileType = sourcecode.c.objc; path = SceneDelegate.m; sourceTree = "<group>"; };
		25C1797B2C78E6F900202C6D /* TestViewContoller.h */ = {isa = PBXFileReference; lastKnownFileType = sourcecode.c.h; path = TestViewContoller.h; sourceTree = "<group>"; };
		25C1797C2C78E6F900202C6D /* TestViewContoller.m */ = {isa = PBXFileReference; lastKnownFileType = sourcecode.c.objc; path = TestViewContoller.m; sourceTree = "<group>"; };
		25C179822C78E6F900202C6D /* Sample_Project_Obj_C.xcdatamodel */ = {isa = PBXFileReference; lastKnownFileType = wrapper.xcdatamodel; path = Sample_Project_Obj_C.xcdatamodel; sourceTree = "<group>"; };
		25C179842C78E6FC00202C6D /* Assets.xcassets */ = {isa = PBXFileReference; lastKnownFileType = folder.assetcatalog; path = Assets.xcassets; sourceTree = "<group>"; };
		25C179872C78E6FC00202C6D /* Base */ = {isa = PBXFileReference; lastKnownFileType = file.storyboard; name = Base; path = Base.lproj/LaunchScreen.storyboard; sourceTree = "<group>"; };
		25C179892C78E6FC00202C6D /* Info.plist */ = {isa = PBXFileReference; lastKnownFileType = text.plist.xml; path = Info.plist; sourceTree = "<group>"; };
		25C1798A2C78E6FC00202C6D /* main.m */ = {isa = PBXFileReference; lastKnownFileType = sourcecode.c.objc; path = main.m; sourceTree = "<group>"; };
		25C179902C78E6FC00202C6D /* Sample Project Obj-CTests.xctest */ = {isa = PBXFileReference; explicitFileType = wrapper.cfbundle; includeInIndex = 0; path = "Sample Project Obj-CTests.xctest"; sourceTree = BUILT_PRODUCTS_DIR; };
		25C179942C78E6FC00202C6D /* Sample_Project_Obj_CTests.m */ = {isa = PBXFileReference; lastKnownFileType = sourcecode.c.objc; path = Sample_Project_Obj_CTests.m; sourceTree = "<group>"; };
		25C1799A2C78E6FC00202C6D /* Sample Project Obj-CUITests.xctest */ = {isa = PBXFileReference; explicitFileType = wrapper.cfbundle; includeInIndex = 0; path = "Sample Project Obj-CUITests.xctest"; sourceTree = BUILT_PRODUCTS_DIR; };
		25C1799E2C78E6FC00202C6D /* Sample_Project_Obj_CUITests.m */ = {isa = PBXFileReference; lastKnownFileType = sourcecode.c.objc; path = Sample_Project_Obj_CUITests.m; sourceTree = "<group>"; };
		25C179A02C78E6FC00202C6D /* Sample_Project_Obj_CUITestsLaunchTests.m */ = {isa = PBXFileReference; lastKnownFileType = sourcecode.c.objc; path = Sample_Project_Obj_CUITestsLaunchTests.m; sourceTree = "<group>"; };
		25C31E512C7B618C00C7980E /* MyStruct.h */ = {isa = PBXFileReference; lastKnownFileType = sourcecode.c.h; path = MyStruct.h; sourceTree = "<group>"; };
		25C31E542C7B950800C7980E /* Person.h */ = {isa = PBXFileReference; lastKnownFileType = sourcecode.c.h; path = Person.h; sourceTree = "<group>"; };
		25C31E552C7B950800C7980E /* Person.m */ = {isa = PBXFileReference; lastKnownFileType = sourcecode.c.objc; path = Person.m; sourceTree = "<group>"; };
		25C31E592C7D1DF300C7980E /* Animal.h */ = {isa = PBXFileReference; lastKnownFileType = sourcecode.c.h; path = Animal.h; sourceTree = "<group>"; };
		25C31E5A2C7D1DF300C7980E /* Animal.m */ = {isa = PBXFileReference; lastKnownFileType = sourcecode.c.objc; path = Animal.m; sourceTree = "<group>"; };
/* End PBXFileReference section */

/* Begin PBXFrameworksBuildPhase section */
		25C1796F2C78E6F900202C6D /* Frameworks */ = {
			isa = PBXFrameworksBuildPhase;
			buildActionMask = 2147483647;
			files = (
			);
			runOnlyForDeploymentPostprocessing = 0;
		};
		25C1798D2C78E6FC00202C6D /* Frameworks */ = {
			isa = PBXFrameworksBuildPhase;
			buildActionMask = 2147483647;
			files = (
			);
			runOnlyForDeploymentPostprocessing = 0;
		};
		25C179972C78E6FC00202C6D /* Frameworks */ = {
			isa = PBXFrameworksBuildPhase;
			buildActionMask = 2147483647;
			files = (
			);
			runOnlyForDeploymentPostprocessing = 0;
		};
/* End PBXFrameworksBuildPhase section */

/* Begin PBXGroup section */
		2575F74F2C7A560D00263F70 /* Models */ = {
			isa = PBXGroup;
			children = (
				2575F7562C7A6CF800263F70 /* MyClass.h */,
				2575F7572C7A6CF800263F70 /* MyClass.m */,
				25C31E512C7B618C00C7980E /* MyStruct.h */,
				25C31E542C7B950800C7980E /* Person.h */,
				25C31E552C7B950800C7980E /* Person.m */,
				25C31E592C7D1DF300C7980E /* Animal.h */,
				25C31E5A2C7D1DF300C7980E /* Animal.m */,
			);
			path = Models;
			sourceTree = "<group>";
		};
		2575F7502C7A561A00263F70 /* App */ = {
			isa = PBXGroup;
			children = (
				25C179752C78E6F900202C6D /* AppDelegate.h */,
				25C179762C78E6F900202C6D /* AppDelegate.m */,
				25C179782C78E6F900202C6D /* SceneDelegate.h */,
				25C179792C78E6F900202C6D /* SceneDelegate.m */,
			);
			path = App;
			sourceTree = "<group>";
		};
		2575F7512C7A562A00263F70 /* Resources */ = {
			isa = PBXGroup;
			children = (
				25C179842C78E6FC00202C6D /* Assets.xcassets */,
				25C179862C78E6FC00202C6D /* LaunchScreen.storyboard */,
				25C179892C78E6FC00202C6D /* Info.plist */,
				25C179812C78E6F900202C6D /* Sample_Project_Obj_C.xcdatamodeld */,
			);
			path = Resources;
			sourceTree = "<group>";
		};
		2575F7522C7A565D00263F70 /* XIBs */ = {
			isa = PBXGroup;
			children = (
				2575F7542C7A568D00263F70 /* TestViewContoller.xib */,
			);
			path = XIBs;
			sourceTree = "<group>";
		};
		2575F7532C7A566C00263F70 /* Views */ = {
			isa = PBXGroup;
			children = (
				25C1797B2C78E6F900202C6D /* TestViewContoller.h */,
				25C1797C2C78E6F900202C6D /* TestViewContoller.m */,
			);
			path = Views;
			sourceTree = "<group>";
		};
		25C179692C78E6F900202C6D = {
			isa = PBXGroup;
			children = (
				25C179742C78E6F900202C6D /* Sample Project Obj-C */,
				25C179932C78E6FC00202C6D /* Sample Project Obj-CTests */,
				25C1799D2C78E6FC00202C6D /* Sample Project Obj-CUITests */,
				25C179732C78E6F900202C6D /* Products */,
			);
			sourceTree = "<group>";
		};
		25C179732C78E6F900202C6D /* Products */ = {
			isa = PBXGroup;
			children = (
				25C179722C78E6F900202C6D /* Sample Project Obj-C.app */,
				25C179902C78E6FC00202C6D /* Sample Project Obj-CTests.xctest */,
				25C1799A2C78E6FC00202C6D /* Sample Project Obj-CUITests.xctest */,
			);
			name = Products;
			sourceTree = "<group>";
		};
		25C179742C78E6F900202C6D /* Sample Project Obj-C */ = {
			isa = PBXGroup;
			children = (
				2575F7502C7A561A00263F70 /* App */,
				2575F74F2C7A560D00263F70 /* Models */,
				2575F7532C7A566C00263F70 /* Views */,
				2575F7522C7A565D00263F70 /* XIBs */,
				2575F7512C7A562A00263F70 /* Resources */,
				25C1798A2C78E6FC00202C6D /* main.m */,
			);
			path = "Sample Project Obj-C";
			sourceTree = "<group>";
		};
		25C179932C78E6FC00202C6D /* Sample Project Obj-CTests */ = {
			isa = PBXGroup;
			children = (
				25C179942C78E6FC00202C6D /* Sample_Project_Obj_CTests.m */,
			);
			path = "Sample Project Obj-CTests";
			sourceTree = "<group>";
		};
		25C1799D2C78E6FC00202C6D /* Sample Project Obj-CUITests */ = {
			isa = PBXGroup;
			children = (
				25C1799E2C78E6FC00202C6D /* Sample_Project_Obj_CUITests.m */,
				25C179A02C78E6FC00202C6D /* Sample_Project_Obj_CUITestsLaunchTests.m */,
			);
			path = "Sample Project Obj-CUITests";
			sourceTree = "<group>";
		};
/* End PBXGroup section */

/* Begin PBXNativeTarget section */
		25C179712C78E6F900202C6D /* Sample Project Obj-C */ = {
			isa = PBXNativeTarget;
			buildConfigurationList = 25C179A42C78E6FC00202C6D /* Build configuration list for PBXNativeTarget "Sample Project Obj-C" */;
			buildPhases = (
				25C1796E2C78E6F900202C6D /* Sources */,
				25C1796F2C78E6F900202C6D /* Frameworks */,
				25C179702C78E6F900202C6D /* Resources */,
			);
			buildRules = (
			);
			dependencies = (
			);
			name = "Sample Project Obj-C";
			productName = "Sample Project Obj-C";
			productReference = 25C179722C78E6F900202C6D /* Sample Project Obj-C.app */;
			productType = "com.apple.product-type.application";
		};
		25C1798F2C78E6FC00202C6D /* Sample Project Obj-CTests */ = {
			isa = PBXNativeTarget;
			buildConfigurationList = 25C179A72C78E6FC00202C6D /* Build configuration list for PBXNativeTarget "Sample Project Obj-CTests" */;
			buildPhases = (
				25C1798C2C78E6FC00202C6D /* Sources */,
				25C1798D2C78E6FC00202C6D /* Frameworks */,
				25C1798E2C78E6FC00202C6D /* Resources */,
			);
			buildRules = (
			);
			dependencies = (
				25C179922C78E6FC00202C6D /* PBXTargetDependency */,
			);
			name = "Sample Project Obj-CTests";
			productName = "Sample Project Obj-CTests";
			productReference = 25C179902C78E6FC00202C6D /* Sample Project Obj-CTests.xctest */;
			productType = "com.apple.product-type.bundle.unit-test";
		};
		25C179992C78E6FC00202C6D /* Sample Project Obj-CUITests */ = {
			isa = PBXNativeTarget;
			buildConfigurationList = 25C179AA2C78E6FC00202C6D /* Build configuration list for PBXNativeTarget "Sample Project Obj-CUITests" */;
			buildPhases = (
				25C179962C78E6FC00202C6D /* Sources */,
				25C179972C78E6FC00202C6D /* Frameworks */,
				25C179982C78E6FC00202C6D /* Resources */,
			);
			buildRules = (
			);
			dependencies = (
				25C1799C2C78E6FC00202C6D /* PBXTargetDependency */,
			);
			name = "Sample Project Obj-CUITests";
			productName = "Sample Project Obj-CUITests";
			productReference = 25C1799A2C78E6FC00202C6D /* Sample Project Obj-CUITests.xctest */;
			productType = "com.apple.product-type.bundle.ui-testing";
		};
/* End PBXNativeTarget section */

/* Begin PBXProject section */
		25C1796A2C78E6F900202C6D /* Project object */ = {
			isa = PBXProject;
			attributes = {
				BuildIndependentTargetsInParallel = 1;
				LastUpgradeCheck = 1520;
				TargetAttributes = {
					25C179712C78E6F900202C6D = {
						CreatedOnToolsVersion = 15.2;
					};
					25C1798F2C78E6FC00202C6D = {
						CreatedOnToolsVersion = 15.2;
						TestTargetID = 25C179712C78E6F900202C6D;
					};
					25C179992C78E6FC00202C6D = {
						CreatedOnToolsVersion = 15.2;
						TestTargetID = 25C179712C78E6F900202C6D;
					};
				};
			};
			buildConfigurationList = 25C1796D2C78E6F900202C6D /* Build configuration list for PBXProject "Sample Project Obj-C" */;
			compatibilityVersion = "Xcode 14.0";
			developmentRegion = en;
			hasScannedForEncodings = 0;
			knownRegions = (
				en,
				Base,
			);
			mainGroup = 25C179692C78E6F900202C6D;
			productRefGroup = 25C179732C78E6F900202C6D /* Products */;
			projectDirPath = "";
			projectRoot = "";
			targets = (
				25C179712C78E6F900202C6D /* Sample Project Obj-C */,
				25C1798F2C78E6FC00202C6D /* Sample Project Obj-CTests */,
				25C179992C78E6FC00202C6D /* Sample Project Obj-CUITests */,
			);
		};
/* End PBXProject section */

/* Begin PBXResourcesBuildPhase section */
		25C179702C78E6F900202C6D /* Resources */ = {
			isa = PBXResourcesBuildPhase;
			buildActionMask = 2147483647;
			files = (
				25C179882C78E6FC00202C6D /* LaunchScreen.storyboard in Resources */,
				25C179852C78E6FC00202C6D /* Assets.xcassets in Resources */,
				2575F7552C7A568D00263F70 /* TestViewContoller.xib in Resources */,
			);
			runOnlyForDeploymentPostprocessing = 0;
		};
		25C1798E2C78E6FC00202C6D /* Resources */ = {
			isa = PBXResourcesBuildPhase;
			buildActionMask = 2147483647;
			files = (
			);
			runOnlyForDeploymentPostprocessing = 0;
		};
		25C179982C78E6FC00202C6D /* Resources */ = {
			isa = PBXResourcesBuildPhase;
			buildActionMask = 2147483647;
			files = (
			);
			runOnlyForDeploymentPostprocessing = 0;
		};
/* End PBXResourcesBuildPhase section */

/* Begin PBXSourcesBuildPhase section */
		25C1796E2C78E6F900202C6D /* Sources */ = {
			isa = PBXSourcesBuildPhase;
			buildActionMask = 2147483647;
			files = (
				2575F7582C7A6CF800263F70 /* MyClass.m in Sources */,
				25C1798B2C78E6FC00202C6D /* main.m in Sources */,
				25C31E562C7B950800C7980E /* Person.m in Sources */,
				25C1797D2C78E6F900202C6D /* TestViewContoller.m in Sources */,
				25C179772C78E6F900202C6D /* AppDelegate.m in Sources */,
				25C31E5B2C7D1DF300C7980E /* Animal.m in Sources */,
				25C1797A2C78E6F900202C6D /* SceneDelegate.m in Sources */,
				25C179832C78E6F900202C6D /* Sample_Project_Obj_C.xcdatamodeld in Sources */,
			);
			runOnlyForDeploymentPostprocessing = 0;
		};
		25C1798C2C78E6FC00202C6D /* Sources */ = {
			isa = PBXSourcesBuildPhase;
			buildActionMask = 2147483647;
			files = (
				25C179952C78E6FC00202C6D /* Sample_Project_Obj_CTests.m in Sources */,
			);
			runOnlyForDeploymentPostprocessing = 0;
		};
		25C179962C78E6FC00202C6D /* Sources */ = {
			isa = PBXSourcesBuildPhase;
			buildActionMask = 2147483647;
			files = (
				25C179A12C78E6FC00202C6D /* Sample_Project_Obj_CUITestsLaunchTests.m in Sources */,
				25C1799F2C78E6FC00202C6D /* Sample_Project_Obj_CUITests.m in Sources */,
			);
			runOnlyForDeploymentPostprocessing = 0;
		};
/* End PBXSourcesBuildPhase section */

/* Begin PBXTargetDependency section */
		25C179922C78E6FC00202C6D /* PBXTargetDependency */ = {
			isa = PBXTargetDependency;
			target = 25C179712C78E6F900202C6D /* Sample Project Obj-C */;
			targetProxy = 25C179912C78E6FC00202C6D /* PBXContainerItemProxy */;
		};
		25C1799C2C78E6FC00202C6D /* PBXTargetDependency */ = {
			isa = PBXTargetDependency;
			target = 25C179712C78E6F900202C6D /* Sample Project Obj-C */;
			targetProxy = 25C1799B2C78E6FC00202C6D /* PBXContainerItemProxy */;
		};
/* End PBXTargetDependency section */

/* Begin PBXVariantGroup section */
		25C179862C78E6FC00202C6D /* LaunchScreen.storyboard */ = {
			isa = PBXVariantGroup;
			children = (
				25C179872C78E6FC00202C6D /* Base */,
			);
			name = LaunchScreen.storyboard;
			sourceTree = "<group>";
		};
/* End PBXVariantGroup section */

/* Begin XCBuildConfiguration section */
		25C179A22C78E6FC00202C6D /* Debug */ = {
			isa = XCBuildConfiguration;
			buildSettings = {
				ALWAYS_SEARCH_USER_PATHS = NO;
				ASSETCATALOG_COMPILER_GENERATE_SWIFT_ASSET_SYMBOL_EXTENSIONS = YES;
				CLANG_ANALYZER_NONNULL = YES;
				CLANG_ANALYZER_NUMBER_OBJECT_CONVERSION = YES_AGGRESSIVE;
				CLANG_CXX_LANGUAGE_STANDARD = "gnu++20";
				CLANG_ENABLE_MODULES = YES;
				CLANG_ENABLE_OBJC_ARC = YES;
				CLANG_ENABLE_OBJC_WEAK = YES;
				CLANG_WARN_BLOCK_CAPTURE_AUTORELEASING = YES;
				CLANG_WARN_BOOL_CONVERSION = YES;
				CLANG_WARN_COMMA = YES;
				CLANG_WARN_CONSTANT_CONVERSION = YES;
				CLANG_WARN_DEPRECATED_OBJC_IMPLEMENTATIONS = YES;
				CLANG_WARN_DIRECT_OBJC_ISA_USAGE = YES_ERROR;
				CLANG_WARN_DOCUMENTATION_COMMENTS = YES;
				CLANG_WARN_EMPTY_BODY = YES;
				CLANG_WARN_ENUM_CONVERSION = YES;
				CLANG_WARN_INFINITE_RECURSION = YES;
				CLANG_WARN_INT_CONVERSION = YES;
				CLANG_WARN_NON_LITERAL_NULL_CONVERSION = YES;
				CLANG_WARN_OBJC_IMPLICIT_RETAIN_SELF = YES;
				CLANG_WARN_OBJC_LITERAL_CONVERSION = YES;
				CLANG_WARN_OBJC_ROOT_CLASS = YES_ERROR;
				CLANG_WARN_QUOTED_INCLUDE_IN_FRAMEWORK_HEADER = YES;
				CLANG_WARN_RANGE_LOOP_ANALYSIS = YES;
				CLANG_WARN_STRICT_PROTOTYPES = YES;
				CLANG_WARN_SUSPICIOUS_MOVE = YES;
				CLANG_WARN_UNGUARDED_AVAILABILITY = YES_AGGRESSIVE;
				CLANG_WARN_UNREACHABLE_CODE = YES;
				CLANG_WARN__DUPLICATE_METHOD_MATCH = YES;
				COPY_PHASE_STRIP = NO;
				DEBUG_INFORMATION_FORMAT = dwarf;
				ENABLE_STRICT_OBJC_MSGSEND = YES;
				ENABLE_TESTABILITY = YES;
				ENABLE_USER_SCRIPT_SANDBOXING = YES;
				GCC_C_LANGUAGE_STANDARD = gnu17;
				GCC_DYNAMIC_NO_PIC = NO;
				GCC_NO_COMMON_BLOCKS = YES;
				GCC_OPTIMIZATION_LEVEL = 0;
				GCC_PREPROCESSOR_DEFINITIONS = (
					"DEBUG=1",
					"$(inherited)",
				);
				GCC_WARN_64_TO_32_BIT_CONVERSION = YES;
				GCC_WARN_ABOUT_RETURN_TYPE = YES_ERROR;
				GCC_WARN_UNDECLARED_SELECTOR = YES;
				GCC_WARN_UNINITIALIZED_AUTOS = YES_AGGRESSIVE;
				GCC_WARN_UNUSED_FUNCTION = YES;
				GCC_WARN_UNUSED_VARIABLE = YES;
				IPHONEOS_DEPLOYMENT_TARGET = 13.0;
				LOCALIZATION_PREFERS_STRING_CATALOGS = YES;
				MTL_ENABLE_DEBUG_INFO = INCLUDE_SOURCE;
				MTL_FAST_MATH = YES;
				ONLY_ACTIVE_ARCH = YES;
				SDKROOT = iphoneos;
			};
			name = Debug;
		};
		25C179A32C78E6FC00202C6D /* Release */ = {
			isa = XCBuildConfiguration;
			buildSettings = {
				ALWAYS_SEARCH_USER_PATHS = NO;
				ASSETCATALOG_COMPILER_GENERATE_SWIFT_ASSET_SYMBOL_EXTENSIONS = YES;
				CLANG_ANALYZER_NONNULL = YES;
				CLANG_ANALYZER_NUMBER_OBJECT_CONVERSION = YES_AGGRESSIVE;
				CLANG_CXX_LANGUAGE_STANDARD = "gnu++20";
				CLANG_ENABLE_MODULES = YES;
				CLANG_ENABLE_OBJC_ARC = YES;
				CLANG_ENABLE_OBJC_WEAK = YES;
				CLANG_WARN_BLOCK_CAPTURE_AUTORELEASING = YES;
				CLANG_WARN_BOOL_CONVERSION = YES;
				CLANG_WARN_COMMA = YES;
				CLANG_WARN_CONSTANT_CONVERSION = YES;
				CLANG_WARN_DEPRECATED_OBJC_IMPLEMENTATIONS = YES;
				CLANG_WARN_DIRECT_OBJC_ISA_USAGE = YES_ERROR;
				CLANG_WARN_DOCUMENTATION_COMMENTS = YES;
				CLANG_WARN_EMPTY_BODY = YES;
				CLANG_WARN_ENUM_CONVERSION = YES;
				CLANG_WARN_INFINITE_RECURSION = YES;
				CLANG_WARN_INT_CONVERSION = YES;
				CLANG_WARN_NON_LITERAL_NULL_CONVERSION = YES;
				CLANG_WARN_OBJC_IMPLICIT_RETAIN_SELF = YES;
				CLANG_WARN_OBJC_LITERAL_CONVERSION = YES;
				CLANG_WARN_OBJC_ROOT_CLASS = YES_ERROR;
				CLANG_WARN_QUOTED_INCLUDE_IN_FRAMEWORK_HEADER = YES;
				CLANG_WARN_RANGE_LOOP_ANALYSIS = YES;
				CLANG_WARN_STRICT_PROTOTYPES = YES;
				CLANG_WARN_SUSPICIOUS_MOVE = YES;
				CLANG_WARN_UNGUARDED_AVAILABILITY = YES_AGGRESSIVE;
				CLANG_WARN_UNREACHABLE_CODE = YES;
				CLANG_WARN__DUPLICATE_METHOD_MATCH = YES;
				COPY_PHASE_STRIP = NO;
				DEBUG_INFORMATION_FORMAT = "dwarf-with-dsym";
				ENABLE_NS_ASSERTIONS = NO;
				ENABLE_STRICT_OBJC_MSGSEND = YES;
				ENABLE_USER_SCRIPT_SANDBOXING = YES;
				GCC_C_LANGUAGE_STANDARD = gnu17;
				GCC_NO_COMMON_BLOCKS = YES;
				GCC_WARN_64_TO_32_BIT_CONVERSION = YES;
				GCC_WARN_ABOUT_RETURN_TYPE = YES_ERROR;
				GCC_WARN_UNDECLARED_SELECTOR = YES;
				GCC_WARN_UNINITIALIZED_AUTOS = YES_AGGRESSIVE;
				GCC_WARN_UNUSED_FUNCTION = YES;
				GCC_WARN_UNUSED_VARIABLE = YES;
				IPHONEOS_DEPLOYMENT_TARGET = 13.0;
				LOCALIZATION_PREFERS_STRING_CATALOGS = YES;
				MTL_ENABLE_DEBUG_INFO = NO;
				MTL_FAST_MATH = YES;
				SDKROOT = iphoneos;
				VALIDATE_PRODUCT = YES;
			};
			name = Release;
		};
		25C179A52C78E6FC00202C6D /* Debug */ = {
			isa = XCBuildConfiguration;
			buildSettings = {
				ASSETCATALOG_COMPILER_APPICON_NAME = AppIcon;
				ASSETCATALOG_COMPILER_GLOBAL_ACCENT_COLOR_NAME = AccentColor;
				CODE_SIGN_STYLE = Automatic;
				CURRENT_PROJECT_VERSION = 1;
				DEVELOPMENT_TEAM = 74KE6VKKSF;
				GENERATE_INFOPLIST_FILE = YES;
				INFOPLIST_FILE = "Sample Project Obj-C/Resources/Info.plist";
				INFOPLIST_KEY_UIApplicationSupportsIndirectInputEvents = YES;
				INFOPLIST_KEY_UILaunchStoryboardName = LaunchScreen;
				INFOPLIST_KEY_UISupportedInterfaceOrientations_iPad = "UIInterfaceOrientationPortrait UIInterfaceOrientationPortraitUpsideDown UIInterfaceOrientationLandscapeLeft UIInterfaceOrientationLandscapeRight";
				INFOPLIST_KEY_UISupportedInterfaceOrientations_iPhone = "UIInterfaceOrientationPortrait UIInterfaceOrientationLandscapeLeft UIInterfaceOrientationLandscapeRight";
				IPHONEOS_DEPLOYMENT_TARGET = 13.0;
				LD_RUNPATH_SEARCH_PATHS = (
					"$(inherited)",
					"@executable_path/Frameworks",
				);
				MARKETING_VERSION = 1.0;
				PRODUCT_BUNDLE_IDENTIFIER = "com.denissvichkarev.Sample-Project-Obj-C";
				PRODUCT_NAME = "$(TARGET_NAME)";
				SWIFT_EMIT_LOC_STRINGS = YES;
				TARGETED_DEVICE_FAMILY = "1,2";
			};
			name = Debug;
		};
		25C179A62C78E6FC00202C6D /* Release */ = {
			isa = XCBuildConfiguration;
			buildSettings = {
				ASSETCATALOG_COMPILER_APPICON_NAME = AppIcon;
				ASSETCATALOG_COMPILER_GLOBAL_ACCENT_COLOR_NAME = AccentColor;
				CODE_SIGN_STYLE = Automatic;
				CURRENT_PROJECT_VERSION = 1;
				DEVELOPMENT_TEAM = 74KE6VKKSF;
				GENERATE_INFOPLIST_FILE = YES;
				INFOPLIST_FILE = "Sample Project Obj-C/Resources/Info.plist";
				INFOPLIST_KEY_UIApplicationSupportsIndirectInputEvents = YES;
				INFOPLIST_KEY_UILaunchStoryboardName = LaunchScreen;
				INFOPLIST_KEY_UISupportedInterfaceOrientations_iPad = "UIInterfaceOrientationPortrait UIInterfaceOrientationPortraitUpsideDown UIInterfaceOrientationLandscapeLeft UIInterfaceOrientationLandscapeRight";
				INFOPLIST_KEY_UISupportedInterfaceOrientations_iPhone = "UIInterfaceOrientationPortrait UIInterfaceOrientationLandscapeLeft UIInterfaceOrientationLandscapeRight";
				IPHONEOS_DEPLOYMENT_TARGET = 13.0;
				LD_RUNPATH_SEARCH_PATHS = (
					"$(inherited)",
					"@executable_path/Frameworks",
				);
				MARKETING_VERSION = 1.0;
				PRODUCT_BUNDLE_IDENTIFIER = "com.denissvichkarev.Sample-Project-Obj-C";
				PRODUCT_NAME = "$(TARGET_NAME)";
				SWIFT_EMIT_LOC_STRINGS = YES;
				TARGETED_DEVICE_FAMILY = "1,2";
			};
			name = Release;
		};
		25C179A82C78E6FC00202C6D /* Debug */ = {
			isa = XCBuildConfiguration;
			buildSettings = {
				BUNDLE_LOADER = "$(TEST_HOST)";
				CODE_SIGN_STYLE = Automatic;
				CURRENT_PROJECT_VERSION = 1;
				DEVELOPMENT_TEAM = 74KE6VKKSF;
				GENERATE_INFOPLIST_FILE = YES;
				IPHONEOS_DEPLOYMENT_TARGET = 17.2;
				MARKETING_VERSION = 1.0;
				PRODUCT_BUNDLE_IDENTIFIER = "com.denissvichkarev.Sample-Project-Obj-CTests";
				PRODUCT_NAME = "$(TARGET_NAME)";
				SWIFT_EMIT_LOC_STRINGS = NO;
				TARGETED_DEVICE_FAMILY = "1,2";
				TEST_HOST = "$(BUILT_PRODUCTS_DIR)/Sample Project Obj-C.app/$(BUNDLE_EXECUTABLE_FOLDER_PATH)/Sample Project Obj-C";
			};
			name = Debug;
		};
		25C179A92C78E6FC00202C6D /* Release */ = {
			isa = XCBuildConfiguration;
			buildSettings = {
				BUNDLE_LOADER = "$(TEST_HOST)";
				CODE_SIGN_STYLE = Automatic;
				CURRENT_PROJECT_VERSION = 1;
				DEVELOPMENT_TEAM = 74KE6VKKSF;
				GENERATE_INFOPLIST_FILE = YES;
				IPHONEOS_DEPLOYMENT_TARGET = 17.2;
				MARKETING_VERSION = 1.0;
				PRODUCT_BUNDLE_IDENTIFIER = "com.denissvichkarev.Sample-Project-Obj-CTests";
				PRODUCT_NAME = "$(TARGET_NAME)";
				SWIFT_EMIT_LOC_STRINGS = NO;
				TARGETED_DEVICE_FAMILY = "1,2";
				TEST_HOST = "$(BUILT_PRODUCTS_DIR)/Sample Project Obj-C.app/$(BUNDLE_EXECUTABLE_FOLDER_PATH)/Sample Project Obj-C";
			};
			name = Release;
		};
		25C179AB2C78E6FC00202C6D /* Debug */ = {
			isa = XCBuildConfiguration;
			buildSettings = {
				CODE_SIGN_STYLE = Automatic;
				CURRENT_PROJECT_VERSION = 1;
				DEVELOPMENT_TEAM = 74KE6VKKSF;
				GENERATE_INFOPLIST_FILE = YES;
				MARKETING_VERSION = 1.0;
				PRODUCT_BUNDLE_IDENTIFIER = "com.denissvichkarev.Sample-Project-Obj-CUITests";
				PRODUCT_NAME = "$(TARGET_NAME)";
				SWIFT_EMIT_LOC_STRINGS = NO;
				TARGETED_DEVICE_FAMILY = "1,2";
				TEST_TARGET_NAME = "Sample Project Obj-C";
			};
			name = Debug;
		};
		25C179AC2C78E6FC00202C6D /* Release */ = {
			isa = XCBuildConfiguration;
			buildSettings = {
				CODE_SIGN_STYLE = Automatic;
				CURRENT_PROJECT_VERSION = 1;
				DEVELOPMENT_TEAM = 74KE6VKKSF;
				GENERATE_INFOPLIST_FILE = YES;
				MARKETING_VERSION = 1.0;
				PRODUCT_BUNDLE_IDENTIFIER = "com.denissvichkarev.Sample-Project-Obj-CUITests";
				PRODUCT_NAME = "$(TARGET_NAME)";
				SWIFT_EMIT_LOC_STRINGS = NO;
				TARGETED_DEVICE_FAMILY = "1,2";
				TEST_TARGET_NAME = "Sample Project Obj-C";
			};
			name = Release;
		};
/* End XCBuildConfiguration section */

/* Begin XCConfigurationList section */
		25C1796D2C78E6F900202C6D /* Build configuration list for PBXProject "Sample Project Obj-C" */ = {
			isa = XCConfigurationList;
			buildConfigurations = (
				25C179A22C78E6FC00202C6D /* Debug */,
				25C179A32C78E6FC00202C6D /* Release */,
			);
			defaultConfigurationIsVisible = 0;
			defaultConfigurationName = Release;
		};
		25C179A42C78E6FC00202C6D /* Build configuration list for PBXNativeTarget "Sample Project Obj-C" */ = {
			isa = XCConfigurationList;
			buildConfigurations = (
				25C179A52C78E6FC00202C6D /* Debug */,
				25C179A62C78E6FC00202C6D /* Release */,
			);
			defaultConfigurationIsVisible = 0;
			defaultConfigurationName = Release;
		};
		25C179A72C78E6FC00202C6D /* Build configuration list for PBXNativeTarget "Sample Project Obj-CTests" */ = {
			isa = XCConfigurationList;
			buildConfigurations = (
				25C179A82C78E6FC00202C6D /* Debug */,
				25C179A92C78E6FC00202C6D /* Release */,
			);
			defaultConfigurationIsVisible = 0;
			defaultConfigurationName = Release;
		};
		25C179AA2C78E6FC00202C6D /* Build configuration list for PBXNativeTarget "Sample Project Obj-CUITests" */ = {
			isa = XCConfigurationList;
			buildConfigurations = (
				25C179AB2C78E6FC00202C6D /* Debug */,
				25C179AC2C78E6FC00202C6D /* Release */,
			);
			defaultConfigurationIsVisible = 0;
			defaultConfigurationName = Release;
		};
/* End XCConfigurationList section */

/* Begin XCVersionGroup section */
		25C179812C78E6F900202C6D /* Sample_Project_Obj_C.xcdatamodeld */ = {
			isa = XCVersionGroup;
			children = (
				25C179822C78E6F900202C6D /* Sample_Project_Obj_C.xcdatamodel */,
			);
			currentVersion = 25C179822C78E6F900202C6D /* Sample_Project_Obj_C.xcdatamodel */;
			path = Sample_Project_Obj_C.xcdatamodeld;
			sourceTree = "<group>";
			versionGroupType = wrapper.xcdatamodel;
		};
/* End XCVersionGroup section */
	};
	rootObject = 25C1796A2C78E6F900202C6D /* Project object */;
}
